
Microsoft Visual Studio Solution File, Format Version 12.00
# Visual Studio 15
VisualStudioVersion = 15.0.26124.0
MinimumVisualStudioVersion = 15.0.26124.0
Project("{2150E333-8FDC-42A3-9474-1A3956D46DE8}") = "src", "src", "{DD0B0D99-C41C-4DFF-901C-C4F1FF1045DC}"
EndProject
Project("{FAE04EC0-301F-11D3-BF4B-00C04F79EFBC}") = "DemoExchange", "src\DemoExchange\DemoExchange.csproj", "{839F5EE1-CB1B-4663-B5CA-60782630A7A4}"
EndProject
Project("{FAE04EC0-301F-11D3-BF4B-00C04F79EFBC}") = "DemoExchangeTest", "src\DemoExchangeTest\DemoExchangeTest.csproj", "{B7B548FF-0697-4D8F-8784-304B3F48ECF4}"
EndProject
Project("{FAE04EC0-301F-11D3-BF4B-00C04F79EFBC}") = "Utils", "src\Utils\Utils.csproj", "{26664E46-7872-4E42-BEC9-3AAB10399036}"
EndProject
Project("{FAE04EC0-301F-11D3-BF4B-00C04F79EFBC}") = "UtilsTest", "src\UtilsTest\UtilsTest.csproj", "{29F49EEE-93FA-4909-885A-E44A73EF11CD}"
EndProject
Project("{FAE04EC0-301F-11D3-BF4B-00C04F79EFBC}") = "DemoExchangeSimulator", "src\DemoExchangeSimulator\DemoExchangeSimulator.csproj", "{741529A0-00B0-46AD-A9ED-C5695DAFF0BB}"
EndProject
Project("{FAE04EC0-301F-11D3-BF4B-00C04F79EFBC}") = "DemoExchange.Interface", "src\DemoExchange.Interface\DemoExchange.Interface.csproj", "{03C73503-158F-41B1-9F5D-DDEFF852116B}"
EndProject
Project("{FAE04EC0-301F-11D3-BF4B-00C04F79EFBC}") = "DemoExchange.OrderService", "src\DemoExchange.OrderService\DemoExchange.OrderService.csproj", "{3BF4F987-F612-46B2-A891-024A003F11DC}"
EndProject
Project("{FAE04EC0-301F-11D3-BF4B-00C04F79EFBC}") = "DemoExchange.OrderServiceGrpc", "src\DemoExchange.OrderServiceGrpc\DemoExchange.OrderServiceGrpc.csproj", "{0B41AB7A-D9D3-4B43-91A4-FC64C9FE72FA}"
EndProject
Global
	GlobalSection(SolutionConfigurationPlatforms) = preSolution
		Debug|Any CPU = Debug|Any CPU
		Release|Any CPU = Release|Any CPU
	EndGlobalSection
	GlobalSection(SolutionProperties) = preSolution
		HideSolutionNode = FALSE
	EndGlobalSection
	GlobalSection(ProjectConfigurationPlatforms) = postSolution
		{839F5EE1-CB1B-4663-B5CA-60782630A7A4}.Debug|Any CPU.ActiveCfg = Debug|Any CPU
		{839F5EE1-CB1B-4663-B5CA-60782630A7A4}.Debug|Any CPU.Build.0 = Debug|Any CPU
		{839F5EE1-CB1B-4663-B5CA-60782630A7A4}.Release|Any CPU.ActiveCfg = Release|Any CPU
		{839F5EE1-CB1B-4663-B5CA-60782630A7A4}.Release|Any CPU.Build.0 = Release|Any CPU
		{B7B548FF-0697-4D8F-8784-304B3F48ECF4}.Debug|Any CPU.ActiveCfg = Debug|Any CPU
		{B7B548FF-0697-4D8F-8784-304B3F48ECF4}.Debug|Any CPU.Build.0 = Debug|Any CPU
		{B7B548FF-0697-4D8F-8784-304B3F48ECF4}.Release|Any CPU.ActiveCfg = Release|Any CPU
		{B7B548FF-0697-4D8F-8784-304B3F48ECF4}.Release|Any CPU.Build.0 = Release|Any CPU
		{26664E46-7872-4E42-BEC9-3AAB10399036}.Debug|Any CPU.ActiveCfg = Debug|Any CPU
		{26664E46-7872-4E42-BEC9-3AAB10399036}.Debug|Any CPU.Build.0 = Debug|Any CPU
		{26664E46-7872-4E42-BEC9-3AAB10399036}.Release|Any CPU.ActiveCfg = Release|Any CPU
		{26664E46-7872-4E42-BEC9-3AAB10399036}.Release|Any CPU.Build.0 = Release|Any CPU
		{29F49EEE-93FA-4909-885A-E44A73EF11CD}.Debug|Any CPU.ActiveCfg = Debug|Any CPU
		{29F49EEE-93FA-4909-885A-E44A73EF11CD}.Debug|Any CPU.Build.0 = Debug|Any CPU
		{29F49EEE-93FA-4909-885A-E44A73EF11CD}.Release|Any CPU.ActiveCfg = Release|Any CPU
		{29F49EEE-93FA-4909-885A-E44A73EF11CD}.Release|Any CPU.Build.0 = Release|Any CPU
		{741529A0-00B0-46AD-A9ED-C5695DAFF0BB}.Debug|Any CPU.ActiveCfg = Debug|Any CPU
		{741529A0-00B0-46AD-A9ED-C5695DAFF0BB}.Debug|Any CPU.Build.0 = Debug|Any CPU
		{741529A0-00B0-46AD-A9ED-C5695DAFF0BB}.Release|Any CPU.ActiveCfg = Release|Any CPU
		{741529A0-00B0-46AD-A9ED-C5695DAFF0BB}.Release|Any CPU.Build.0 = Release|Any CPU
		{03C73503-158F-41B1-9F5D-DDEFF852116B}.Debug|Any CPU.ActiveCfg = Debug|Any CPU
		{03C73503-158F-41B1-9F5D-DDEFF852116B}.Debug|Any CPU.Build.0 = Debug|Any CPU
		{03C73503-158F-41B1-9F5D-DDEFF852116B}.Release|Any CPU.ActiveCfg = Release|Any CPU
		{03C73503-158F-41B1-9F5D-DDEFF852116B}.Release|Any CPU.Build.0 = Release|Any CPU
		{3BF4F987-F612-46B2-A891-024A003F11DC}.Debug|Any CPU.ActiveCfg = Debug|Any CPU
		{3BF4F987-F612-46B2-A891-024A003F11DC}.Debug|Any CPU.Build.0 = Debug|Any CPU
		{3BF4F987-F612-46B2-A891-024A003F11DC}.Release|Any CPU.ActiveCfg = Release|Any CPU
		{3BF4F987-F612-46B2-A891-024A003F11DC}.Release|Any CPU.Build.0 = Release|Any CPU
		{0B41AB7A-D9D3-4B43-91A4-FC64C9FE72FA}.Debug|Any CPU.ActiveCfg = Debug|Any CPU
		{0B41AB7A-D9D3-4B43-91A4-FC64C9FE72FA}.Debug|Any CPU.Build.0 = Debug|Any CPU
		{0B41AB7A-D9D3-4B43-91A4-FC64C9FE72FA}.Release|Any CPU.ActiveCfg = Release|Any CPU
		{0B41AB7A-D9D3-4B43-91A4-FC64C9FE72FA}.Release|Any CPU.Build.0 = Release|Any CPU
	EndGlobalSection
	GlobalSection(NestedProjects) = preSolution
		{839F5EE1-CB1B-4663-B5CA-60782630A7A4} = {DD0B0D99-C41C-4DFF-901C-C4F1FF1045DC}
		{B7B548FF-0697-4D8F-8784-304B3F48ECF4} = {DD0B0D99-C41C-4DFF-901C-C4F1FF1045DC}
		{26664E46-7872-4E42-BEC9-3AAB10399036} = {DD0B0D99-C41C-4DFF-901C-C4F1FF1045DC}
		{29F49EEE-93FA-4909-885A-E44A73EF11CD} = {DD0B0D99-C41C-4DFF-901C-C4F1FF1045DC}
		{741529A0-00B0-46AD-A9ED-C5695DAFF0BB} = {DD0B0D99-C41C-4DFF-901C-C4F1FF1045DC}
		{03C73503-158F-41B1-9F5D-DDEFF852116B} = {DD0B0D99-C41C-4DFF-901C-C4F1FF1045DC}
		{3BF4F987-F612-46B2-A891-024A003F11DC} = {DD0B0D99-C41C-4DFF-901C-C4F1FF1045DC}
		{0B41AB7A-D9D3-4B43-91A4-FC64C9FE72FA} = {DD0B0D99-C41C-4DFF-901C-C4F1FF1045DC}
	EndGlobalSection
EndGlobal
